// !$*UTF8*$!
{
	archiveVersion = 1;
	classes = {
	};
	objectVersion = 46;
	objects = {

/* Begin PBXBuildFile section */
		AF8004601B5978B100D23D2A /* AppDelegate.swift in Sources */ = {isa = PBXBuildFile; fileRef = AF80045F1B5978B100D23D2A /* AppDelegate.swift */; };
		AF8004621B5978B100D23D2A /* ViewController.swift in Sources */ = {isa = PBXBuildFile; fileRef = AF8004611B5978B100D23D2A /* ViewController.swift */; };
		AF8004651B5978B100D23D2A /* Main.storyboard in Resources */ = {isa = PBXBuildFile; fileRef = AF8004631B5978B100D23D2A /* Main.storyboard */; };
		AF8004671B5978B100D23D2A /* Images.xcassets in Resources */ = {isa = PBXBuildFile; fileRef = AF8004661B5978B100D23D2A /* Images.xcassets */; };
		AF80046A1B5978B100D23D2A /* LaunchScreen.xib in Resources */ = {isa = PBXBuildFile; fileRef = AF8004681B5978B100D23D2A /* LaunchScreen.xib */; };
		AF8004761B5978B100D23D2A /* AnimatedLabelsTests.swift in Sources */ = {isa = PBXBuildFile; fileRef = AF8004751B5978B100D23D2A /* AnimatedLabelsTests.swift */; };
/* End PBXBuildFile section */

/* Begin PBXContainerItemProxy section */
		AF8004701B5978B100D23D2A /* PBXContainerItemProxy */ = {
			isa = PBXContainerItemProxy;
			containerPortal = AF8004521B5978B100D23D2A /* Project object */;
			proxyType = 1;
			remoteGlobalIDString = AF8004591B5978B100D23D2A;
			remoteInfo = AnimatedLabels;
		};
/* End PBXContainerItemProxy section */

/* Begin PBXFileReference section */
		AF80045A1B5978B100D23D2A /* AnimatedLabels.app */ = {isa = PBXFileReference; explicitFileType = wrapper.application; includeInIndex = 0; path = AnimatedLabels.app; sourceTree = BUILT_PRODUCTS_DIR; };
		AF80045E1B5978B100D23D2A /* Info.plist */ = {isa = PBXFileReference; lastKnownFileType = text.plist.xml; path = Info.plist; sourceTree = "<group>"; };
		AF80045F1B5978B100D23D2A /* AppDelegate.swift */ = {isa = PBXFileReference; lastKnownFileType = sourcecode.swift; path = AppDelegate.swift; sourceTree = "<group>"; };
		AF8004611B5978B100D23D2A /* ViewController.swift */ = {isa = PBXFileReference; lastKnownFileType = sourcecode.swift; path = ViewController.swift; sourceTree = "<group>"; };
		AF8004641B5978B100D23D2A /* Base */ = {isa = PBXFileReference; lastKnownFileType = file.storyboard; name = Base; path = Base.lproj/Main.storyboard; sourceTree = "<group>"; };
		AF8004661B5978B100D23D2A /* Images.xcassets */ = {isa = PBXFileReference; lastKnownFileType = folder.assetcatalog; path = Images.xcassets; sourceTree = "<group>"; };
		AF8004691B5978B100D23D2A /* Base */ = {isa = PBXFileReference; lastKnownFileType = file.xib; name = Base; path = Base.lproj/LaunchScreen.xib; sourceTree = "<group>"; };
		AF80046F1B5978B100D23D2A /* AnimatedLabelsTests.xctest */ = {isa = PBXFileReference; explicitFileType = wrapper.cfbundle; includeInIndex = 0; path = AnimatedLabelsTests.xctest; sourceTree = BUILT_PRODUCTS_DIR; };
		AF8004741B5978B100D23D2A /* Info.plist */ = {isa = PBXFileReference; lastKnownFileType = text.plist.xml; path = Info.plist; sourceTree = "<group>"; };
		AF8004751B5978B100D23D2A /* AnimatedLabelsTests.swift */ = {isa = PBXFileReference; lastKnownFileType = sourcecode.swift; path = AnimatedLabelsTests.swift; sourceTree = "<group>"; };
/* End PBXFileReference section */

/* Begin PBXFrameworksBuildPhase section */
		AF8004571B5978B100D23D2A /* Frameworks */ = {
			isa = PBXFrameworksBuildPhase;
			buildActionMask = 2147483647;
			files = (
			);
			runOnlyForDeploymentPostprocessing = 0;
		};
		AF80046C1B5978B100D23D2A /* Frameworks */ = {
			isa = PBXFrameworksBuildPhase;
			buildActionMask = 2147483647;
			files = (
			);
			runOnlyForDeploymentPostprocessing = 0;
		};
/* End PBXFrameworksBuildPhase section */

/* Begin PBXGroup section */
		AF8004511B5978B100D23D2A = {
			isa = PBXGroup;
			children = (
				AF80045C1B5978B100D23D2A /* AnimatedLabels */,
				AF8004721B5978B100D23D2A /* AnimatedLabelsTests */,
				AF80045B1B5978B100D23D2A /* Products */,
			);
			sourceTree = "<group>";
		};
		AF80045B1B5978B100D23D2A /* Products */ = {
			isa = PBXGroup;
			children = (
				AF80045A1B5978B100D23D2A /* AnimatedLabels.app */,
				AF80046F1B5978B100D23D2A /* AnimatedLabelsTests.xctest */,
			);
			name = Products;
			sourceTree = "<group>";
		};
		AF80045C1B5978B100D23D2A /* AnimatedLabels */ = {
			isa = PBXGroup;
			children = (
				AF80045F1B5978B100D23D2A /* AppDelegate.swift */,
				AF8004611B5978B100D23D2A /* ViewController.swift */,
				AF8004631B5978B100D23D2A /* Main.storyboard */,
				AF8004661B5978B100D23D2A /* Images.xcassets */,
				AF8004681B5978B100D23D2A /* LaunchScreen.xib */,
				AF80045D1B5978B100D23D2A /* Supporting Files */,
			);
			path = AnimatedLabels;
			sourceTree = "<group>";
		};
		AF80045D1B5978B100D23D2A /* Supporting Files */ = {
			isa = PBXGroup;
			children = (
				AF80045E1B5978B100D23D2A /* Info.plist */,
			);
			name = "Supporting Files";
			sourceTree = "<group>";
		};
		AF8004721B5978B100D23D2A /* AnimatedLabelsTests */ = {
			isa = PBXGroup;
			children = (
				AF8004751B5978B100D23D2A /* AnimatedLabelsTests.swift */,
				AF8004731B5978B100D23D2A /* Supporting Files */,
			);
			path = AnimatedLabelsTests;
			sourceTree = "<group>";
		};
		AF8004731B5978B100D23D2A /* Supporting Files */ = {
			isa = PBXGroup;
			children = (
				AF8004741B5978B100D23D2A /* Info.plist */,
			);
			name = "Supporting Files";
			sourceTree = "<group>";
		};
/* End PBXGroup section */

/* Begin PBXNativeTarget section */
		AF8004591B5978B100D23D2A /* AnimatedLabels */ = {
			isa = PBXNativeTarget;
			buildConfigurationList = AF8004791B5978B100D23D2A /* Build configuration list for PBXNativeTarget "AnimatedLabels" */;
			buildPhases = (
				AF8004561B5978B100D23D2A /* Sources */,
				AF8004571B5978B100D23D2A /* Frameworks */,
				AF8004581B5978B100D23D2A /* Resources */,
			);
			buildRules = (
			);
			dependencies = (
			);
			name = AnimatedLabels;
			productName = AnimatedLabels;
			productReference = AF80045A1B5978B100D23D2A /* AnimatedLabels.app */;
			productType = "com.apple.product-type.application";
		};
		AF80046E1B5978B100D23D2A /* AnimatedLabelsTests */ = {
			isa = PBXNativeTarget;
			buildConfigurationList = AF80047C1B5978B100D23D2A /* Build configuration list for PBXNativeTarget "AnimatedLabelsTests" */;
			buildPhases = (
				AF80046B1B5978B100D23D2A /* Sources */,
				AF80046C1B5978B100D23D2A /* Frameworks */,
				AF80046D1B5978B100D23D2A /* Resources */,
			);
			buildRules = (
			);
			dependencies = (
				AF8004711B5978B100D23D2A /* PBXTargetDependency */,
			);
			name = AnimatedLabelsTests;
			productName = AnimatedLabelsTests;
			productReference = AF80046F1B5978B100D23D2A /* AnimatedLabelsTests.xctest */;
			productType = "com.apple.product-type.bundle.unit-test";
		};
/* End PBXNativeTarget section */

/* Begin PBXProject section */
		AF8004521B5978B100D23D2A /* Project object */ = {
			isa = PBXProject;
			attributes = {
				LastUpgradeCheck = 0640;
				ORGANIZATIONNAME = Angelito;
				TargetAttributes = {
					AF8004591B5978B100D23D2A = {
						CreatedOnToolsVersion = 6.4;
					};
					AF80046E1B5978B100D23D2A = {
						CreatedOnToolsVersion = 6.4;
						TestTargetID = AF8004591B5978B100D23D2A;
					};
				};
			};
			buildConfigurationList = AF8004551B5978B100D23D2A /* Build configuration list for PBXProject "AnimatedLabels" */;
			compatibilityVersion = "Xcode 3.2";
			developmentRegion = English;
			hasScannedForEncodings = 0;
			knownRegions = (
				en,
				Base,
			);
			mainGroup = AF8004511B5978B100D23D2A;
			productRefGroup = AF80045B1B5978B100D23D2A /* Products */;
			projectDirPath = "";
			projectRoot = "";
			targets = (
				AF8004591B5978B100D23D2A /* AnimatedLabels */,
				AF80046E1B5978B100D23D2A /* AnimatedLabelsTests */,
			);
		};
/* End PBXProject section */

/* Begin PBXResourcesBuildPhase section */
		AF8004581B5978B100D23D2A /* Resources */ = {
			isa = PBXResourcesBuildPhase;
			buildActionMask = 2147483647;
			files = (
				AF8004651B5978B100D23D2A /* Main.storyboard in Resources */,
				AF80046A1B5978B100D23D2A /* LaunchScreen.xib in Resources */,
				AF8004671B5978B100D23D2A /* Images.xcassets in Resources */,
			);
			runOnlyForDeploymentPostprocessing = 0;
		};
		AF80046D1B5978B100D23D2A /* Resources */ = {
			isa = PBXResourcesBuildPhase;
			buildActionMask = 2147483647;
			files = (
			);
			runOnlyForDeploymentPostprocessing = 0;
		};
/* End PBXResourcesBuildPhase section */

/* Begin PBXSourcesBuildPhase section */
		AF8004561B5978B100D23D2A /* Sources */ = {
			isa = PBXSourcesBuildPhase;
			buildActionMask = 2147483647;
			files = (
				AF8004621B5978B100D23D2A /* ViewController.swift in Sources */,
				AF8004601B5978B100D23D2A /* AppDelegate.swift in Sources */,
			);
			runOnlyForDeploymentPostprocessing = 0;
		};
		AF80046B1B5978B100D23D2A /* Sources */ = {
			isa = PBXSourcesBuildPhase;
			buildActionMask = 2147483647;
			files = (
				AF8004761B5978B100D23D2A /* AnimatedLabelsTests.swift in Sources */,
			);
			runOnlyForDeploymentPostprocessing = 0;
		};
/* End PBXSourcesBuildPhase section */

/* Begin PBXTargetDependency section */
		AF8004711B5978B100D23D2A /* PBXTargetDependency */ = {
			isa = PBXTargetDependency;
			target = AF8004591B5978B100D23D2A /* AnimatedLabels */;
			targetProxy = AF8004701B5978B100D23D2A /* PBXContainerItemProxy */;
		};
/* End PBXTargetDependency section */

/* Begin PBXVariantGroup section */
		AF8004631B5978B100D23D2A /* Main.storyboard */ = {
			isa = PBXVariantGroup;
			children = (
				AF8004641B5978B100D23D2A /* Base */,
			);
			name = Main.storyboard;
			sourceTree = "<group>";
		};
		AF8004681B5978B100D23D2A /* LaunchScreen.xib */ = {
			isa = PBXVariantGroup;
			children = (
				AF8004691B5978B100D23D2A /* Base */,
			);
			name = LaunchScreen.xib;
			sourceTree = "<group>";
		};
/* End PBXVariantGroup section */

/* Begin XCBuildConfiguration section */
		AF8004771B5978B100D23D2A /* Debug */ = {
			isa = XCBuildConfiguration;
			buildSettings = {
				ALWAYS_SEARCH_USER_PATHS = NO;
				CLANG_CXX_LANGUAGE_STANDARD = "gnu++0x";
				CLANG_CXX_LIBRARY = "libc++";
				CLANG_ENABLE_MODULES = YES;
				CLANG_ENABLE_OBJC_ARC = YES;
				CLANG_WARN_BOOL_CONVERSION = YES;
				CLANG_WARN_CONSTANT_CONVERSION = YES;
				CLANG_WARN_DIRECT_OBJC_ISA_USAGE = YES_ERROR;
				CLANG_WARN_EMPTY_BODY = YES;
				CLANG_WARN_ENUM_CONVERSION = YES;
				CLANG_WARN_INT_CONVERSION = YES;
				CLANG_WARN_OBJC_ROOT_CLASS = YES_ERROR;
				CLANG_WARN_UNREACHABLE_CODE = YES;
				CLANG_WARN__DUPLICATE_METHOD_MATCH = YES;
				"CODE_SIGN_IDENTITY[sdk=iphoneos*]" = "iPhone Developer";
				COPY_PHASE_STRIP = NO;
				DEBUG_INFORMATION_FORMAT = "dwarf-with-dsym";
				ENABLE_STRICT_OBJC_MSGSEND = YES;
				GCC_C_LANGUAGE_STANDARD = gnu99;
				GCC_DYNAMIC_NO_PIC = NO;
				GCC_NO_COMMON_BLOCKS = YES;
				GCC_OPTIMIZATION_LEVEL = 0;
				GCC_PREPROCESSOR_DEFINITIONS = (
					"DEBUG=1",
					"$(inherited)",
				);
				GCC_SYMBOLS_PRIVATE_EXTERN = NO;
				GCC_WARN_64_TO_32_BIT_CONVERSION = YES;
				GCC_WARN_ABOUT_RETURN_TYPE = YES_ERROR;
				GCC_WARN_UNDECLARED_SELECTOR = YES;
				GCC_WARN_UNINITIALIZED_AUTOS = YES_AGGRESSIVE;
				GCC_WARN_UNUSED_FUNCTION = YES;
				GCC_WARN_UNUSED_VARIABLE = YES;
				IPHONEOS_DEPLOYMENT_TARGET = 8.4;
				MTL_ENABLE_DEBUG_INFO = YES;
				ONLY_ACTIVE_ARCH = YES;
				SDKROOT = iphoneos;
				SWIFT_OPTIMIZATION_LEVEL = "-Onone";
			};
			name = Debug;
		};
		AF8004781B5978B100D23D2A /* Release */ = {
			isa = XCBuildConfiguration;
			buildSettings = {
				ALWAYS_SEARCH_USER_PATHS = NO;
				CLANG_CXX_LANGUAGE_STANDARD = "gnu++0x";
				CLANG_CXX_LIBRARY = "libc++";
				CLANG_ENABLE_MODULES = YES;
				CLANG_ENABLE_OBJC_ARC = YES;
				CLANG_WARN_BOOL_CONVERSION = YES;
				CLANG_WARN_CONSTANT_CONVERSION = YES;
				CLANG_WARN_DIRECT_OBJC_ISA_USAGE = YES_ERROR;
				CLANG_WARN_EMPTY_BODY = YES;
				CLANG_WARN_ENUM_CONVERSION = YES;
				CLANG_WARN_INT_CONVERSION = YES;
				CLANG_WARN_OBJC_ROOT_CLASS = YES_ERROR;
				CLANG_WARN_UNREACHABLE_CODE = YES;
				CLANG_WARN__DUPLICATE_METHOD_MATCH = YES;
				"CODE_SIGN_IDENTITY[sdk=iphoneos*]" = "iPhone Developer";
				COPY_PHASE_STRIP = NO;
				DEBUG_INFORMATION_FORMAT = "dwarf-with-dsym";
				ENABLE_NS_ASSERTIONS = NO;
				ENABLE_STRICT_OBJC_MSGSEND = YES;
				GCC_C_LANGUAGE_STANDARD = gnu99;
				GCC_NO_COMMON_BLOCKS = YES;
				GCC_WARN_64_TO_32_BIT_CONVERSION = YES;
				GCC_WARN_ABOUT_RETURN_TYPE = YES_ERROR;
				GCC_WARN_UNDECLARED_SELECTOR = YES;
				GCC_WARN_UNINITIALIZED_AUTOS = YES_AGGRESSIVE;
				GCC_WARN_UNUSED_FUNCTION = YES;
				GCC_WARN_UNUSED_VARIABLE = YES;
				IPHONEOS_DEPLOYMENT_TARGET = 8.4;
				MTL_ENABLE_DEBUG_INFO = NO;
				SDKROOT = iphoneos;
				VALIDATE_PRODUCT = YES;
			};
			name = Release;
		};
		AF80047A1B5978B100D23D2A /* Debug */ = {
			isa = XCBuildConfiguration;
			buildSettings = {
				ASSETCATALOG_COMPILER_APPICON_NAME = AppIcon;
				INFOPLIST_FILE = AnimatedLabels/Info.plist;
				LD_RUNPATH_SEARCH_PATHS = "$(inherited) @executable_path/Frameworks";
				PRODUCT_NAME = "$(TARGET_NAME)";
			};
			name = Debug;
		};
		AF80047B1B5978B100D23D2A /* Release */ = {
			isa = XCBuildConfiguration;
			buildSettings = {
				ASSETCATALOG_COMPILER_APPICON_NAME = AppIcon;
				INFOPLIST_FILE = AnimatedLabels/Info.plist;
				LD_RUNPATH_SEARCH_PATHS = "$(inherited) @executable_path/Frameworks";
				PRODUCT_NAME = "$(TARGET_NAME)";
			};
			name = Release;
		};
		AF80047D1B5978B100D23D2A /* Debug */ = {
			isa = XCBuildConfiguration;
			buildSettings = {
				BUNDLE_LOADER = "$(TEST_HOST)";
				FRAMEWORK_SEARCH_PATHS = (
					"$(SDKROOT)/Developer/Library/Frameworks",
					"$(inherited)",
				);
				GCC_PREPROCESSOR_DEFINITIONS = (
					"DEBUG=1",
					"$(inherited)",
				);
				INFOPLIST_FILE = AnimatedLabelsTests/Info.plist;
				LD_RUNPATH_SEARCH_PATHS = "$(inherited) @executable_path/Frameworks @loader_path/Frameworks";
				PRODUCT_NAME = "$(TARGET_NAME)";
				TEST_HOST = "$(BUILT_PRODUCTS_DIR)/AnimatedLabels.app/AnimatedLabels";
			};
			name = Debug;
		};
		AF80047E1B5978B100D23D2A /* Release */ = {
			isa = XCBuildConfiguration;
			buildSettings = {
				BUNDLE_LOADER = "$(TEST_HOST)";
				FRAMEWORK_SEARCH_PATHS = (
					"$(SDKROOT)/Developer/Library/Frameworks",
					"$(inherited)",
				);
				INFOPLIST_FILE = AnimatedLabelsTests/Info.plist;
				LD_RUNPATH_SEARCH_PATHS = "$(inherited) @executable_path/Frameworks @loader_path/Frameworks";
				PRODUCT_NAME = "$(TARGET_NAME)";
				TEST_HOST = "$(BUILT_PRODUCTS_DIR)/AnimatedLabels.app/AnimatedLabels";
			};
			name = Release;
		};
/* End XCBuildConfiguration section */

/* Begin XCConfigurationList section */
		AF8004551B5978B100D23D2A /* Build configuration list for PBXProject "AnimatedLabels" */ = {
			isa = XCConfigurationList;
			buildConfigurations = (
				AF8004771B5978B100D23D2A /* Debug */,
				AF8004781B5978B100D23D2A /* Release */,
			);
			defaultConfigurationIsVisible = 0;
			defaultConfigurationName = Release;
		};
		AF8004791B5978B100D23D2A /* Build configuration list for PBXNativeTarget "AnimatedLabels" */ = {
			isa = XCConfigurationList;
			buildConfigurations = (
				AF80047A1B5978B100D23D2A /* Debug */,
				AF80047B1B5978B100D23D2A /* Release */,
			);
			defaultConfigurationIsVisible = 0;
		};
		AF80047C1B5978B100D23D2A /* Build configuration list for PBXNativeTarget "AnimatedLabelsTests" */ = {
			isa = XCConfigurationList;
			buildConfigurations = (
				AF80047D1B5978B100D23D2A /* Debug */,
				AF80047E1B5978B100D23D2A /* Release */,
			);
			defaultConfigurationIsVisible = 0;
		};
/* End XCConfigurationList section */
	};
	rootObject = AF8004521B5978B100D23D2A /* Project object */;
}
